
Microsoft Visual Studio Solution File, Format Version 12.00
# Visual Studio Version 17
VisualStudioVersion = 17.7.34031.279
MinimumVisualStudioVersion = 10.0.40219.1
Project("{FAE04EC0-301F-11D3-BF4B-00C04F79EFBC}") = "Pre release", "Pre release.csproj", "{937BBCBD-51D7-4F14-B3B2-7EA39FFAE332}"
EndProject
Global
	GlobalSection(SolutionConfigurationPlatforms) = preSolution
		Debug|Any CPU = Debug|Any CPU
		Release|Any CPU = Release|Any CPU
	EndGlobalSection
	GlobalSection(ProjectConfigurationPlatforms) = postSolution
		{937BBCBD-51D7-4F14-B3B2-7EA39FFAE332}.Debug|Any CPU.ActiveCfg = Debug|Any CPU
		{937BBCBD-51D7-4F14-B3B2-7EA39FFAE332}.Debug|Any CPU.Build.0 = Debug|Any CPU
		{937BBCBD-51D7-4F14-B3B2-7EA39FFAE332}.Release|Any CPU.ActiveCfg = Release|Any CPU
		{937BBCBD-51D7-4F14-B3B2-7EA39FFAE332}.Release|Any CPU.Build.0 = Release|Any CPU
	EndGlobalSection
	GlobalSection(SolutionProperties) = preSolution
		HideSolutionNode = FALSE
	EndGlobalSection
	GlobalSection(ExtensibilityGlobals) = postSolution
		SolutionGuid = {C8C68225-31DB-4782-B994-D29B379E67ED}
	EndGlobalSection
EndGlobal
